
Microsoft Visual Studio Solution File, Format Version 12.00
# Visual Studio Version 17
VisualStudioVersion = 17.7.34024.191
MinimumVisualStudioVersion = 10.0.40219.1
Project("{2150E333-8FDC-42A3-9474-1A3956D46DE8}") = "Doc", "Doc", "{C3E83B47-57CB-4522-A34E-B29AC409C0D0}"
EndProject
Project("{2150E333-8FDC-42A3-9474-1A3956D46DE8}") = "Src", "Src", "{7347482E-C3E6-4631-A9D5-07DDB5DDFEB8}"
EndProject
Project("{2150E333-8FDC-42A3-9474-1A3956D46DE8}") = "Test", "Test", "{77E2DB4A-9E3F-4DD1-A2BC-01EA447954F0}"
EndProject
Project("{2150E333-8FDC-42A3-9474-1A3956D46DE8}") = "Core", "Core", "{3E32946A-2E62-4FC5-B887-36DD863F4952}"
EndProject
Project("{2150E333-8FDC-42A3-9474-1A3956D46DE8}") = "Common", "Common", "{652173D1-EF41-4007-95A6-DAD6C47EC3D0}"
EndProject
Project("{2150E333-8FDC-42A3-9474-1A3956D46DE8}") = "Presentation", "Presentation", "{39017256-E2D4-4989-B9F6-E773E446FCA3}"
EndProject
Project("{2150E333-8FDC-42A3-9474-1A3956D46DE8}") = "Infrastructure", "Infrastructure", "{C468866D-0CB7-4AE0-845B-E62966662CD9}"
EndProject
Project("{9A19103F-16F7-4668-BE54-9A1E7A4F7556}") = "CarRental.Common", "CarRental.Common\CarRental.Common.csproj", "{EECDA073-C72E-4F06-8632-C3C2A1B07F1B}"
EndProject
Project("{9A19103F-16F7-4668-BE54-9A1E7A4F7556}") = "CarRental.Domain", "CarRental.Domain\CarRental.Domain.csproj", "{19A6F9CF-DC01-4DA4-99CE-B6232A398767}"
EndProject
Project("{9A19103F-16F7-4668-BE54-9A1E7A4F7556}") = "CarRental.Application", "CarRental.Application\CarRental.Application.csproj", "{9EBC2232-2054-423E-9049-07EA803B3585}"
EndProject
Project("{9A19103F-16F7-4668-BE54-9A1E7A4F7556}") = "CarRental.Infrastructure", "CarRental.Infrastructure\CarRental.Infrastructure.csproj", "{842AF625-4F93-4E44-B719-708EA7519621}"
EndProject
Project("{9A19103F-16F7-4668-BE54-9A1E7A4F7556}") = "CarRental.EndPoint.Admin.Web", "CarRental.EndPoint.Admin.Web\CarRental.EndPoint.Admin.Web.csproj", "{BE4F5538-E625-44A2-A9FF-6A854132CFAB}"
EndProject
Project("{9A19103F-16F7-4668-BE54-9A1E7A4F7556}") = "CarRental.EndPoint.Renter.Web", "CarRental.EndPoint.Renter.Web\CarRental.EndPoint.Renter.Web.csproj", "{3A9BD497-276A-4149-BF32-EDE96C095CE3}"
EndProject
Project("{9A19103F-16F7-4668-BE54-9A1E7A4F7556}") = "CarRenter.EndPoint.Rentor.Web", "CarRenter.EndPoint.Rentor.Web\CarRenter.EndPoint.Rentor.Web.csproj", "{0A92BF45-4C46-4834-8D57-9586D5701013}"
EndProject
Project("{9A19103F-16F7-4668-BE54-9A1E7A4F7556}") = "CarRental.Aspire.AppHost", "CarRental.Aspire\CarRental.Aspire.AppHost\CarRental.Aspire.AppHost.csproj", "{7C82D276-DE62-4C59-B99A-A696D74449D5}"
EndProject
Project("{9A19103F-16F7-4668-BE54-9A1E7A4F7556}") = "CarRental.Aspire.ServiceDefaults", "CarRental.Aspire\CarRental.Aspire.ServiceDefaults\CarRental.Aspire.ServiceDefaults.csproj", "{AD72B776-CD95-4FCF-8F1D-8239BF93894F}"
EndProject
Project("{9A19103F-16F7-4668-BE54-9A1E7A4F7556}") = "CarRental.Persistence", "CarRental.Persistence\CarRental.Persistence.csproj", "{E70EF895-0FA7-4EC6-A979-AECC3C8F92DD}"
EndProject
Global
	GlobalSection(SolutionConfigurationPlatforms) = preSolution
		Debug|Any CPU = Debug|Any CPU
		Release|Any CPU = Release|Any CPU
	EndGlobalSection
	GlobalSection(ProjectConfigurationPlatforms) = postSolution
		{EECDA073-C72E-4F06-8632-C3C2A1B07F1B}.Debug|Any CPU.ActiveCfg = Debug|Any CPU
		{EECDA073-C72E-4F06-8632-C3C2A1B07F1B}.Debug|Any CPU.Build.0 = Debug|Any CPU
		{EECDA073-C72E-4F06-8632-C3C2A1B07F1B}.Release|Any CPU.ActiveCfg = Release|Any CPU
		{EECDA073-C72E-4F06-8632-C3C2A1B07F1B}.Release|Any CPU.Build.0 = Release|Any CPU
		{19A6F9CF-DC01-4DA4-99CE-B6232A398767}.Debug|Any CPU.ActiveCfg = Debug|Any CPU
		{19A6F9CF-DC01-4DA4-99CE-B6232A398767}.Debug|Any CPU.Build.0 = Debug|Any CPU
		{19A6F9CF-DC01-4DA4-99CE-B6232A398767}.Release|Any CPU.ActiveCfg = Release|Any CPU
		{19A6F9CF-DC01-4DA4-99CE-B6232A398767}.Release|Any CPU.Build.0 = Release|Any CPU
		{9EBC2232-2054-423E-9049-07EA803B3585}.Debug|Any CPU.ActiveCfg = Debug|Any CPU
		{9EBC2232-2054-423E-9049-07EA803B3585}.Debug|Any CPU.Build.0 = Debug|Any CPU
		{9EBC2232-2054-423E-9049-07EA803B3585}.Release|Any CPU.ActiveCfg = Release|Any CPU
		{9EBC2232-2054-423E-9049-07EA803B3585}.Release|Any CPU.Build.0 = Release|Any CPU
		{842AF625-4F93-4E44-B719-708EA7519621}.Debug|Any CPU.ActiveCfg = Debug|Any CPU
		{842AF625-4F93-4E44-B719-708EA7519621}.Debug|Any CPU.Build.0 = Debug|Any CPU
		{842AF625-4F93-4E44-B719-708EA7519621}.Release|Any CPU.ActiveCfg = Release|Any CPU
		{842AF625-4F93-4E44-B719-708EA7519621}.Release|Any CPU.Build.0 = Release|Any CPU
		{BE4F5538-E625-44A2-A9FF-6A854132CFAB}.Debug|Any CPU.ActiveCfg = Debug|Any CPU
		{BE4F5538-E625-44A2-A9FF-6A854132CFAB}.Debug|Any CPU.Build.0 = Debug|Any CPU
		{BE4F5538-E625-44A2-A9FF-6A854132CFAB}.Release|Any CPU.ActiveCfg = Release|Any CPU
		{BE4F5538-E625-44A2-A9FF-6A854132CFAB}.Release|Any CPU.Build.0 = Release|Any CPU
		{3A9BD497-276A-4149-BF32-EDE96C095CE3}.Debug|Any CPU.ActiveCfg = Debug|Any CPU
		{3A9BD497-276A-4149-BF32-EDE96C095CE3}.Debug|Any CPU.Build.0 = Debug|Any CPU
		{3A9BD497-276A-4149-BF32-EDE96C095CE3}.Release|Any CPU.ActiveCfg = Release|Any CPU
		{3A9BD497-276A-4149-BF32-EDE96C095CE3}.Release|Any CPU.Build.0 = Release|Any CPU
		{0A92BF45-4C46-4834-8D57-9586D5701013}.Debug|Any CPU.ActiveCfg = Debug|Any CPU
		{0A92BF45-4C46-4834-8D57-9586D5701013}.Debug|Any CPU.Build.0 = Debug|Any CPU
		{0A92BF45-4C46-4834-8D57-9586D5701013}.Release|Any CPU.ActiveCfg = Release|Any CPU
		{0A92BF45-4C46-4834-8D57-9586D5701013}.Release|Any CPU.Build.0 = Release|Any CPU
		{7C82D276-DE62-4C59-B99A-A696D74449D5}.Debug|Any CPU.ActiveCfg = Debug|Any CPU
		{7C82D276-DE62-4C59-B99A-A696D74449D5}.Debug|Any CPU.Build.0 = Debug|Any CPU
		{7C82D276-DE62-4C59-B99A-A696D74449D5}.Release|Any CPU.ActiveCfg = Release|Any CPU
		{7C82D276-DE62-4C59-B99A-A696D74449D5}.Release|Any CPU.Build.0 = Release|Any CPU
		{AD72B776-CD95-4FCF-8F1D-8239BF93894F}.Debug|Any CPU.ActiveCfg = Debug|Any CPU
		{AD72B776-CD95-4FCF-8F1D-8239BF93894F}.Debug|Any CPU.Build.0 = Debug|Any CPU
		{AD72B776-CD95-4FCF-8F1D-8239BF93894F}.Release|Any CPU.ActiveCfg = Release|Any CPU
		{AD72B776-CD95-4FCF-8F1D-8239BF93894F}.Release|Any CPU.Build.0 = Release|Any CPU
		{E70EF895-0FA7-4EC6-A979-AECC3C8F92DD}.Debug|Any CPU.ActiveCfg = Debug|Any CPU
		{E70EF895-0FA7-4EC6-A979-AECC3C8F92DD}.Debug|Any CPU.Build.0 = Debug|Any CPU
		{E70EF895-0FA7-4EC6-A979-AECC3C8F92DD}.Release|Any CPU.ActiveCfg = Release|Any CPU
		{E70EF895-0FA7-4EC6-A979-AECC3C8F92DD}.Release|Any CPU.Build.0 = Release|Any CPU
	EndGlobalSection
	GlobalSection(SolutionProperties) = preSolution
		HideSolutionNode = FALSE
	EndGlobalSection
	GlobalSection(NestedProjects) = preSolution
		{3E32946A-2E62-4FC5-B887-36DD863F4952} = {7347482E-C3E6-4631-A9D5-07DDB5DDFEB8}
		{652173D1-EF41-4007-95A6-DAD6C47EC3D0} = {7347482E-C3E6-4631-A9D5-07DDB5DDFEB8}
		{39017256-E2D4-4989-B9F6-E773E446FCA3} = {7347482E-C3E6-4631-A9D5-07DDB5DDFEB8}
		{C468866D-0CB7-4AE0-845B-E62966662CD9} = {7347482E-C3E6-4631-A9D5-07DDB5DDFEB8}
		{EECDA073-C72E-4F06-8632-C3C2A1B07F1B} = {652173D1-EF41-4007-95A6-DAD6C47EC3D0}
		{19A6F9CF-DC01-4DA4-99CE-B6232A398767} = {3E32946A-2E62-4FC5-B887-36DD863F4952}
		{9EBC2232-2054-423E-9049-07EA803B3585} = {3E32946A-2E62-4FC5-B887-36DD863F4952}
		{842AF625-4F93-4E44-B719-708EA7519621} = {C468866D-0CB7-4AE0-845B-E62966662CD9}
		{BE4F5538-E625-44A2-A9FF-6A854132CFAB} = {39017256-E2D4-4989-B9F6-E773E446FCA3}
		{3A9BD497-276A-4149-BF32-EDE96C095CE3} = {39017256-E2D4-4989-B9F6-E773E446FCA3}
		{0A92BF45-4C46-4834-8D57-9586D5701013} = {39017256-E2D4-4989-B9F6-E773E446FCA3}
		{7C82D276-DE62-4C59-B99A-A696D74449D5} = {39017256-E2D4-4989-B9F6-E773E446FCA3}
		{AD72B776-CD95-4FCF-8F1D-8239BF93894F} = {39017256-E2D4-4989-B9F6-E773E446FCA3}
		{E70EF895-0FA7-4EC6-A979-AECC3C8F92DD} = {C468866D-0CB7-4AE0-845B-E62966662CD9}
	EndGlobalSection
	GlobalSection(ExtensibilityGlobals) = postSolution
		SolutionGuid = {E0913418-4E31-4D49-B84C-B020A7AA3B5F}
	EndGlobalSection
EndGlobal
